// !$*UTF8*$!
{
	archiveVersion = 1;
	classes = {
	};
	objectVersion = 55;
	objects = {

/* Begin PBXBuildFile section */
		E43EA2F8274798190080BA8B /* MapView.swift in Sources */ = {isa = PBXBuildFile; fileRef = E43EA2F7274798190080BA8B /* MapView.swift */; };
		E43EA2FA274798DB0080BA8B /* LocalImageView.swift in Sources */ = {isa = PBXBuildFile; fileRef = E43EA2F9274798DB0080BA8B /* LocalImageView.swift */; };
		E43EA2FC274799630080BA8B /* RMApiView.swift in Sources */ = {isa = PBXBuildFile; fileRef = E43EA2FB274799630080BA8B /* RMApiView.swift */; };
		E43EA2FE2747AE610080BA8B /* HelpView.swift in Sources */ = {isa = PBXBuildFile; fileRef = E43EA2FD2747AE610080BA8B /* HelpView.swift */; };
		E498A69A27464AEC0055F698 /* RickAndMortyApp.swift in Sources */ = {isa = PBXBuildFile; fileRef = E498A69927464AEC0055F698 /* RickAndMortyApp.swift */; };
		E498A69E27464AED0055F698 /* Assets.xcassets in Resources */ = {isa = PBXBuildFile; fileRef = E498A69D27464AED0055F698 /* Assets.xcassets */; };
		E498A6A127464AED0055F698 /* Preview Assets.xcassets in Resources */ = {isa = PBXBuildFile; fileRef = E498A6A027464AED0055F698 /* Preview Assets.xcassets */; };
		E498A6AA27464B7F0055F698 /* RMHome.swift in Sources */ = {isa = PBXBuildFile; fileRef = E498A6A927464B7F0055F698 /* RMHome.swift */; };
		E498A6AC27464BA50055F698 /* RMRow.swift in Sources */ = {isa = PBXBuildFile; fileRef = E498A6AB27464BA50055F698 /* RMRow.swift */; };
		E498A6AE27464BC40055F698 /* RMDetailView.swift in Sources */ = {isa = PBXBuildFile; fileRef = E498A6AD27464BC40055F698 /* RMDetailView.swift */; };
		E498A6B027464BE80055F698 /* RMResponse.swift in Sources */ = {isa = PBXBuildFile; fileRef = E498A6AF27464BE80055F698 /* RMResponse.swift */; };
		E498A6B227464C4A0055F698 /* RMCharacter.swift in Sources */ = {isa = PBXBuildFile; fileRef = E498A6B127464C4A0055F698 /* RMCharacter.swift */; };
/* End PBXBuildFile section */

/* Begin PBXFileReference section */
		E43EA2F7274798190080BA8B /* MapView.swift */ = {isa = PBXFileReference; lastKnownFileType = sourcecode.swift; path = MapView.swift; sourceTree = "<group>"; };
		E43EA2F9274798DB0080BA8B /* LocalImageView.swift */ = {isa = PBXFileReference; lastKnownFileType = sourcecode.swift; path = LocalImageView.swift; sourceTree = "<group>"; };
		E43EA2FB274799630080BA8B /* RMApiView.swift */ = {isa = PBXFileReference; lastKnownFileType = sourcecode.swift; path = RMApiView.swift; sourceTree = "<group>"; };
		E43EA2FD2747AE610080BA8B /* HelpView.swift */ = {isa = PBXFileReference; lastKnownFileType = sourcecode.swift; path = HelpView.swift; sourceTree = "<group>"; };
		E498A69627464AEC0055F698 /* RickAndMorty.app */ = {isa = PBXFileReference; explicitFileType = wrapper.application; includeInIndex = 0; path = RickAndMorty.app; sourceTree = BUILT_PRODUCTS_DIR; };
		E498A69927464AEC0055F698 /* RickAndMortyApp.swift */ = {isa = PBXFileReference; lastKnownFileType = sourcecode.swift; path = RickAndMortyApp.swift; sourceTree = "<group>"; };
		E498A69D27464AED0055F698 /* Assets.xcassets */ = {isa = PBXFileReference; lastKnownFileType = folder.assetcatalog; path = Assets.xcassets; sourceTree = "<group>"; };
		E498A6A027464AED0055F698 /* Preview Assets.xcassets */ = {isa = PBXFileReference; lastKnownFileType = folder.assetcatalog; path = "Preview Assets.xcassets"; sourceTree = "<group>"; };
		E498A6A927464B7F0055F698 /* RMHome.swift */ = {isa = PBXFileReference; lastKnownFileType = sourcecode.swift; path = RMHome.swift; sourceTree = "<group>"; };
		E498A6AB27464BA50055F698 /* RMRow.swift */ = {isa = PBXFileReference; lastKnownFileType = sourcecode.swift; path = RMRow.swift; sourceTree = "<group>"; };
		E498A6AD27464BC40055F698 /* RMDetailView.swift */ = {isa = PBXFileReference; lastKnownFileType = sourcecode.swift; path = RMDetailView.swift; sourceTree = "<group>"; };
		E498A6AF27464BE80055F698 /* RMResponse.swift */ = {isa = PBXFileReference; lastKnownFileType = sourcecode.swift; path = RMResponse.swift; sourceTree = "<group>"; };
		E498A6B127464C4A0055F698 /* RMCharacter.swift */ = {isa = PBXFileReference; lastKnownFileType = sourcecode.swift; path = RMCharacter.swift; sourceTree = "<group>"; };
/* End PBXFileReference section */

/* Begin PBXFrameworksBuildPhase section */
		E498A69327464AEC0055F698 /* Frameworks */ = {
			isa = PBXFrameworksBuildPhase;
			buildActionMask = 2147483647;
			files = (
			);
			runOnlyForDeploymentPostprocessing = 0;
		};
/* End PBXFrameworksBuildPhase section */

/* Begin PBXGroup section */
		E498A68D27464AEC0055F698 = {
			isa = PBXGroup;
			children = (
				E498A69827464AEC0055F698 /* RickAndMorty */,
				E498A69727464AEC0055F698 /* Products */,
			);
			sourceTree = "<group>";
		};
		E498A69727464AEC0055F698 /* Products */ = {
			isa = PBXGroup;
			children = (
				E498A69627464AEC0055F698 /* RickAndMorty.app */,
			);
			name = Products;
			sourceTree = "<group>";
		};
		E498A69827464AEC0055F698 /* RickAndMorty */ = {
			isa = PBXGroup;
			children = (
				E498A69927464AEC0055F698 /* RickAndMortyApp.swift */,
				E498A6A927464B7F0055F698 /* RMHome.swift */,
				E43EA2FB274799630080BA8B /* RMApiView.swift */,
				E498A6AD27464BC40055F698 /* RMDetailView.swift */,
				E43EA2F9274798DB0080BA8B /* LocalImageView.swift */,
				E43EA2F7274798190080BA8B /* MapView.swift */,
				E43EA2FD2747AE610080BA8B /* HelpView.swift */,
				E498A6AB27464BA50055F698 /* RMRow.swift */,
				E498A6B127464C4A0055F698 /* RMCharacter.swift */,
				E498A6AF27464BE80055F698 /* RMResponse.swift */,
				E498A69D27464AED0055F698 /* Assets.xcassets */,
				E498A69F27464AED0055F698 /* Preview Content */,
			);
			path = RickAndMorty;
			sourceTree = "<group>";
		};
		E498A69F27464AED0055F698 /* Preview Content */ = {
			isa = PBXGroup;
			children = (
				E498A6A027464AED0055F698 /* Preview Assets.xcassets */,
			);
			path = "Preview Content";
			sourceTree = "<group>";
		};
/* End PBXGroup section */

/* Begin PBXNativeTarget section */
		E498A69527464AEC0055F698 /* RickAndMorty */ = {
			isa = PBXNativeTarget;
			buildConfigurationList = E498A6A427464AED0055F698 /* Build configuration list for PBXNativeTarget "RickAndMorty" */;
			buildPhases = (
				E498A69227464AEC0055F698 /* Sources */,
				E498A69327464AEC0055F698 /* Frameworks */,
				E498A69427464AEC0055F698 /* Resources */,
			);
			buildRules = (
			);
			dependencies = (
			);
			name = RickAndMorty;
			productName = RickAndMorty;
			productReference = E498A69627464AEC0055F698 /* RickAndMorty.app */;
			productType = "com.apple.product-type.application";
		};
/* End PBXNativeTarget section */

/* Begin PBXProject section */
		E498A68E27464AEC0055F698 /* Project object */ = {
			isa = PBXProject;
			attributes = {
				BuildIndependentTargetsInParallel = 1;
				LastSwiftUpdateCheck = 1300;
				LastUpgradeCheck = 1300;
				TargetAttributes = {
					E498A69527464AEC0055F698 = {
						CreatedOnToolsVersion = 13.0;
					};
				};
			};
			buildConfigurationList = E498A69127464AEC0055F698 /* Build configuration list for PBXProject "RickAndMorty" */;
			compatibilityVersion = "Xcode 13.0";
			developmentRegion = en;
			hasScannedForEncodings = 0;
			knownRegions = (
				en,
				Base,
			);
			mainGroup = E498A68D27464AEC0055F698;
			productRefGroup = E498A69727464AEC0055F698 /* Products */;
			projectDirPath = "";
			projectRoot = "";
			targets = (
				E498A69527464AEC0055F698 /* RickAndMorty */,
			);
		};
/* End PBXProject section */

/* Begin PBXResourcesBuildPhase section */
		E498A69427464AEC0055F698 /* Resources */ = {
			isa = PBXResourcesBuildPhase;
			buildActionMask = 2147483647;
			files = (
				E498A6A127464AED0055F698 /* Preview Assets.xcassets in Resources */,
				E498A69E27464AED0055F698 /* Assets.xcassets in Resources */,
			);
			runOnlyForDeploymentPostprocessing = 0;
		};
/* End PBXResourcesBuildPhase section */

/* Begin PBXSourcesBuildPhase section */
		E498A69227464AEC0055F698 /* Sources */ = {
			isa = PBXSourcesBuildPhase;
			buildActionMask = 2147483647;
			files = (
				E43EA2FE2747AE610080BA8B /* HelpView.swift in Sources */,
				E498A6AA27464B7F0055F698 /* RMHome.swift in Sources */,
				E498A6B027464BE80055F698 /* RMResponse.swift in Sources */,
				E43EA2F8274798190080BA8B /* MapView.swift in Sources */,
				E498A6B227464C4A0055F698 /* RMCharacter.swift in Sources */,
				E43EA2FC274799630080BA8B /* RMApiView.swift in Sources */,
				E498A6AC27464BA50055F698 /* RMRow.swift in Sources */,
				E498A6AE27464BC40055F698 /* RMDetailView.swift in Sources */,
				E43EA2FA274798DB0080BA8B /* LocalImageView.swift in Sources */,
				E498A69A27464AEC0055F698 /* RickAndMortyApp.swift in Sources */,
			);
			runOnlyForDeploymentPostprocessing = 0;
		};
/* End PBXSourcesBuildPhase section */

/* Begin XCBuildConfiguration section */
		E498A6A227464AED0055F698 /* Debug */ = {
			isa = XCBuildConfiguration;
			buildSettings = {
				ALWAYS_SEARCH_USER_PATHS = NO;
				CLANG_ANALYZER_NONNULL = YES;
				CLANG_ANALYZER_NUMBER_OBJECT_CONVERSION = YES_AGGRESSIVE;
				CLANG_CXX_LANGUAGE_STANDARD = "gnu++17";
				CLANG_CXX_LIBRARY = "libc++";
				CLANG_ENABLE_MODULES = YES;
				CLANG_ENABLE_OBJC_ARC = YES;
				CLANG_ENABLE_OBJC_WEAK = YES;
				CLANG_WARN_BLOCK_CAPTURE_AUTORELEASING = YES;
				CLANG_WARN_BOOL_CONVERSION = YES;
				CLANG_WARN_COMMA = YES;
				CLANG_WARN_CONSTANT_CONVERSION = YES;
				CLANG_WARN_DEPRECATED_OBJC_IMPLEMENTATIONS = YES;
				CLANG_WARN_DIRECT_OBJC_ISA_USAGE = YES_ERROR;
				CLANG_WARN_DOCUMENTATION_COMMENTS = YES;
				CLANG_WARN_EMPTY_BODY = YES;
				CLANG_WARN_ENUM_CONVERSION = YES;
				CLANG_WARN_INFINITE_RECURSION = YES;
				CLANG_WARN_INT_CONVERSION = YES;
				CLANG_WARN_NON_LITERAL_NULL_CONVERSION = YES;
				CLANG_WARN_OBJC_IMPLICIT_RETAIN_SELF = YES;
				CLANG_WARN_OBJC_LITERAL_CONVERSION = YES;
				CLANG_WARN_OBJC_ROOT_CLASS = YES_ERROR;
				CLANG_WARN_QUOTED_INCLUDE_IN_FRAMEWORK_HEADER = YES;
				CLANG_WARN_RANGE_LOOP_ANALYSIS = YES;
				CLANG_WARN_STRICT_PROTOTYPES = YES;
				CLANG_WARN_SUSPICIOUS_MOVE = YES;
				CLANG_WARN_UNGUARDED_AVAILABILITY = YES_AGGRESSIVE;
				CLANG_WARN_UNREACHABLE_CODE = YES;
				CLANG_WARN__DUPLICATE_METHOD_MATCH = YES;
				COPY_PHASE_STRIP = NO;
				DEBUG_INFORMATION_FORMAT = dwarf;
				ENABLE_STRICT_OBJC_MSGSEND = YES;
				ENABLE_TESTABILITY = YES;
				GCC_C_LANGUAGE_STANDARD = gnu11;
				GCC_DYNAMIC_NO_PIC = NO;
				GCC_NO_COMMON_BLOCKS = YES;
				GCC_OPTIMIZATION_LEVEL = 0;
				GCC_PREPROCESSOR_DEFINITIONS = (
					"DEBUG=1",
					"$(inherited)",
				);
				GCC_WARN_64_TO_32_BIT_CONVERSION = YES;
				GCC_WARN_ABOUT_RETURN_TYPE = YES_ERROR;
				GCC_WARN_UNDECLARED_SELECTOR = YES;
				GCC_WARN_UNINITIALIZED_AUTOS = YES_AGGRESSIVE;
				GCC_WARN_UNUSED_FUNCTION = YES;
				GCC_WARN_UNUSED_VARIABLE = YES;
				IPHONEOS_DEPLOYMENT_TARGET = 15.0;
				MTL_ENABLE_DEBUG_INFO = INCLUDE_SOURCE;
				MTL_FAST_MATH = YES;
				ONLY_ACTIVE_ARCH = YES;
				SDKROOT = iphoneos;
				SWIFT_ACTIVE_COMPILATION_CONDITIONS = DEBUG;
				SWIFT_OPTIMIZATION_LEVEL = "-Onone";
			};
			name = Debug;
		};
		E498A6A327464AED0055F698 /* Release */ = {
			isa = XCBuildConfiguration;
			buildSettings = {
				ALWAYS_SEARCH_USER_PATHS = NO;
				CLANG_ANALYZER_NONNULL = YES;
				CLANG_ANALYZER_NUMBER_OBJECT_CONVERSION = YES_AGGRESSIVE;
				CLANG_CXX_LANGUAGE_STANDARD = "gnu++17";
				CLANG_CXX_LIBRARY = "libc++";
				CLANG_ENABLE_MODULES = YES;
				CLANG_ENABLE_OBJC_ARC = YES;
				CLANG_ENABLE_OBJC_WEAK = YES;
				CLANG_WARN_BLOCK_CAPTURE_AUTORELEASING = YES;
				CLANG_WARN_BOOL_CONVERSION = YES;
				CLANG_WARN_COMMA = YES;
				CLANG_WARN_CONSTANT_CONVERSION = YES;
				CLANG_WARN_DEPRECATED_OBJC_IMPLEMENTATIONS = YES;
				CLANG_WARN_DIRECT_OBJC_ISA_USAGE = YES_ERROR;
				CLANG_WARN_DOCUMENTATION_COMMENTS = YES;
				CLANG_WARN_EMPTY_BODY = YES;
				CLANG_WARN_ENUM_CONVERSION = YES;
				CLANG_WARN_INFINITE_RECURSION = YES;
				CLANG_WARN_INT_CONVERSION = YES;
				CLANG_WARN_NON_LITERAL_NULL_CONVERSION = YES;
				CLANG_WARN_OBJC_IMPLICIT_RETAIN_SELF = YES;
				CLANG_WARN_OBJC_LITERAL_CONVERSION = YES;
				CLANG_WARN_OBJC_ROOT_CLASS = YES_ERROR;
				CLANG_WARN_QUOTED_INCLUDE_IN_FRAMEWORK_HEADER = YES;
				CLANG_WARN_RANGE_LOOP_ANALYSIS = YES;
				CLANG_WARN_STRICT_PROTOTYPES = YES;
				CLANG_WARN_SUSPICIOUS_MOVE = YES;
				CLANG_WARN_UNGUARDED_AVAILABILITY = YES_AGGRESSIVE;
				CLANG_WARN_UNREACHABLE_CODE = YES;
				CLANG_WARN__DUPLICATE_METHOD_MATCH = YES;
				COPY_PHASE_STRIP = NO;
				DEBUG_INFORMATION_FORMAT = "dwarf-with-dsym";
				ENABLE_NS_ASSERTIONS = NO;
				ENABLE_STRICT_OBJC_MSGSEND = YES;
				GCC_C_LANGUAGE_STANDARD = gnu11;
				GCC_NO_COMMON_BLOCKS = YES;
				GCC_WARN_64_TO_32_BIT_CONVERSION = YES;
				GCC_WARN_ABOUT_RETURN_TYPE = YES_ERROR;
				GCC_WARN_UNDECLARED_SELECTOR = YES;
				GCC_WARN_UNINITIALIZED_AUTOS = YES_AGGRESSIVE;
				GCC_WARN_UNUSED_FUNCTION = YES;
				GCC_WARN_UNUSED_VARIABLE = YES;
				IPHONEOS_DEPLOYMENT_TARGET = 15.0;
				MTL_ENABLE_DEBUG_INFO = NO;
				MTL_FAST_MATH = YES;
				SDKROOT = iphoneos;
				SWIFT_COMPILATION_MODE = wholemodule;
				SWIFT_OPTIMIZATION_LEVEL = "-O";
				VALIDATE_PRODUCT = YES;
			};
			name = Release;
		};
		E498A6A527464AED0055F698 /* Debug */ = {
			isa = XCBuildConfiguration;
			buildSettings = {
				ASSETCATALOG_COMPILER_APPICON_NAME = AppIcon;
				ASSETCATALOG_COMPILER_GLOBAL_ACCENT_COLOR_NAME = AccentColor;
				CODE_SIGN_STYLE = Automatic;
				CURRENT_PROJECT_VERSION = 1;
				DEVELOPMENT_ASSET_PATHS = "\"RickAndMorty/Preview Content\"";
				DEVELOPMENT_TEAM = 3496VVAC6N;
				ENABLE_PREVIEWS = YES;
				GENERATE_INFOPLIST_FILE = YES;
				INFOPLIST_KEY_UIApplicationSceneManifest_Generation = YES;
				INFOPLIST_KEY_UIApplicationSupportsIndirectInputEvents = YES;
				INFOPLIST_KEY_UILaunchScreen_Generation = YES;
				INFOPLIST_KEY_UISupportedInterfaceOrientations_iPad = "UIInterfaceOrientationPortrait UIInterfaceOrientationPortraitUpsideDown UIInterfaceOrientationLandscapeLeft UIInterfaceOrientationLandscapeRight";
				INFOPLIST_KEY_UISupportedInterfaceOrientations_iPhone = "UIInterfaceOrientationPortrait UIInterfaceOrientationLandscapeLeft UIInterfaceOrientationLandscapeRight";
				IPHONEOS_DEPLOYMENT_TARGET = 15.0;
				LD_RUNPATH_SEARCH_PATHS = (
					"$(inherited)",
					"@executable_path/Frameworks",
				);
				MARKETING_VERSION = 1.0;
				PRODUCT_BUNDLE_IDENTIFIER = com.RonWoodbury.RickAndMorty;
				PRODUCT_NAME = "$(TARGET_NAME)";
				SWIFT_EMIT_LOC_STRINGS = YES;
				SWIFT_VERSION = 5.0;
				TARGETED_DEVICE_FAMILY = "1,2";
			};
			name = Debug;
		};
		E498A6A627464AED0055F698 /* Release */ = {
			isa = XCBuildConfiguration;
			buildSettings = {
				ASSETCATALOG_COMPILER_APPICON_NAME = AppIcon;
				ASSETCATALOG_COMPILER_GLOBAL_ACCENT_COLOR_NAME = AccentColor;
				CODE_SIGN_STYLE = Automatic;
				CURRENT_PROJECT_VERSION = 1;
				DEVELOPMENT_ASSET_PATHS = "\"RickAndMorty/Preview Content\"";
				DEVELOPMENT_TEAM = 3496VVAC6N;
				ENABLE_PREVIEWS = YES;
				GENERATE_INFOPLIST_FILE = YES;
				INFOPLIST_KEY_UIApplicationSceneManifest_Generation = YES;
				INFOPLIST_KEY_UIApplicationSupportsIndirectInputEvents = YES;
				INFOPLIST_KEY_UILaunchScreen_Generation = YES;
				INFOPLIST_KEY_UISupportedInterfaceOrientations_iPad = "UIInterfaceOrientationPortrait UIInterfaceOrientationPortraitUpsideDown UIInterfaceOrientationLandscapeLeft UIInterfaceOrientationLandscapeRight";
				INFOPLIST_KEY_UISupportedInterfaceOrientations_iPhone = "UIInterfaceOrientationPortrait UIInterfaceOrientationLandscapeLeft UIInterfaceOrientationLandscapeRight";
				IPHONEOS_DEPLOYMENT_TARGET = 15.0;
				LD_RUNPATH_SEARCH_PATHS = (
					"$(inherited)",
					"@executable_path/Frameworks",
				);
				MARKETING_VERSION = 1.0;
				PRODUCT_BUNDLE_IDENTIFIER = com.RonWoodbury.RickAndMorty;
				PRODUCT_NAME = "$(TARGET_NAME)";
				SWIFT_EMIT_LOC_STRINGS = YES;
				SWIFT_VERSION = 5.0;
				TARGETED_DEVICE_FAMILY = "1,2";
			};
			name = Release;
		};
/* End XCBuildConfiguration section */

/* Begin XCConfigurationList section */
		E498A69127464AEC0055F698 /* Build configuration list for PBXProject "RickAndMorty" */ = {
			isa = XCConfigurationList;
			buildConfigurations = (
				E498A6A227464AED0055F698 /* Debug */,
				E498A6A327464AED0055F698 /* Release */,
			);
			defaultConfigurationIsVisible = 0;
			defaultConfigurationName = Release;
		};
		E498A6A427464AED0055F698 /* Build configuration list for PBXNativeTarget "RickAndMorty" */ = {
			isa = XCConfigurationList;
			buildConfigurations = (
				E498A6A527464AED0055F698 /* Debug */,
				E498A6A627464AED0055F698 /* Release */,
			);
			defaultConfigurationIsVisible = 0;
			defaultConfigurationName = Release;
		};
/* End XCConfigurationList section */
	};
	rootObject = E498A68E27464AEC0055F698 /* Project object */;
}
